lockfileVersion: '9.0'

settings:
  autoInstallPeers: true
  excludeLinksFromLockfile: false

importers:

  .:
    devDependencies:
      concurrently:
        specifier: ^9.0.1
        version: 9.0.1
      typescript:
        specifier: ^5.6.2
        version: 5.6.2

  apps/api:
    dependencies:
      '@geo-globe/shared':
        specifier: workspace:*
        version: link:../../packages/shared
      ws:
        specifier: ^8.18.0
        version: 8.18.0
    devDependencies:
      '@types/node':
        specifier: ^22.7.4
        version: 22.7.4
      '@types/ws':
        specifier: ^8.5.12
        version: 8.5.12
      tsx:
        specifier: ^4.19.1
        version: 4.19.1

  apps/ingest:
    dependencies:
      '@geo-globe/shared':
        specifier: workspace:*
        version: link:../../packages/shared
    devDependencies:
      '@types/node':
        specifier: ^22.7.4
        version: 22.7.4
      tsx:
        specifier: ^4.19.1
        version: 4.19.1

  apps/web:
    dependencies:
      '@geo-globe/shared':
        specifier: workspace:*
        version: link:../../packages/shared
      cesium:
        specifier: ^1.126.0
        version: 1.126.0
      react:
        specifier: ^18.3.1
        version: 18.3.1
      react-dom:
        specifier: ^18.3.1
        version: 18.3.1
    devDependencies:
      '@types/react':
        specifier: ^18.3.8
        version: 18.3.8
      '@types/react-dom':
        specifier: ^18.3.0
        version: 18.3.0
      '@vitejs/plugin-react':
        specifier: ^4.3.2
        version: 4.3.2
      typescript:
        specifier: ^5.6.2
        version: 5.6.2
      vite:
        specifier: ^5.4.8
        version: 5.4.8
      vite-plugin-cesium:
        specifier: ^1.2.23
        version: 1.2.23

  packages/shared:
    dependencies:
      zod:
        specifier: ^3.23.8
        version: 3.23.8

packages: {}
